// !$*UTF8*$!
{
	archiveVersion = 1;
	classes = {
	};
	objectVersion = 50;
	objects = {

/* Begin PBXBuildFile section */
		133D2B7824B6826000D62859 /* main.swift in Sources */ = {isa = PBXBuildFile; fileRef = 133D2B7724B6826000D62859 /* main.swift */; };
		133D2B8824B683B700D62859 /* Attribute+CoreDataProperties.swift in Sources */ = {isa = PBXBuildFile; fileRef = 133D2B7F24B683B700D62859 /* Attribute+CoreDataProperties.swift */; };
		133D2B8924B683B700D62859 /* ManagedObjectContextDidSaveNotifications.swift in Sources */ = {isa = PBXBuildFile; fileRef = 133D2B8024B683B700D62859 /* ManagedObjectContextDidSaveNotifications.swift */; };
		133D2B8A24B683B700D62859 /* Attribute+CoreDataClass.swift in Sources */ = {isa = PBXBuildFile; fileRef = 133D2B8124B683B700D62859 /* Attribute+CoreDataClass.swift */; };
		133D2B8B24B683B700D62859 /* Item+CoreDataProperties.swift in Sources */ = {isa = PBXBuildFile; fileRef = 133D2B8224B683B700D62859 /* Item+CoreDataProperties.swift */; };
		133D2B8C24B683B700D62859 /* CoreData.swift in Sources */ = {isa = PBXBuildFile; fileRef = 133D2B8324B683B700D62859 /* CoreData.swift */; };
		133D2B8D24B683B700D62859 /* Item+CoreDataClass.swift in Sources */ = {isa = PBXBuildFile; fileRef = 133D2B8424B683B700D62859 /* Item+CoreDataClass.swift */; };
		133D2B8E24B683B700D62859 /* SwiftUI_Core_Data_Test.xcdatamodeld in Sources */ = {isa = PBXBuildFile; fileRef = 133D2B8524B683B700D62859 /* SwiftUI_Core_Data_Test.xcdatamodeld */; };
		133D2B8F24B683B700D62859 /* CoreDataDataSource.swift in Sources */ = {isa = PBXBuildFile; fileRef = 133D2B8724B683B700D62859 /* CoreDataDataSource.swift */; };
/* End PBXBuildFile section */

/* Begin PBXCopyFilesBuildPhase section */
		133D2B7224B6826000D62859 /* CopyFiles */ = {
			isa = PBXCopyFilesBuildPhase;
			buildActionMask = 2147483647;
			dstPath = /usr/share/man/man1/;
			dstSubfolderSpec = 0;
			files = (
			);
			runOnlyForDeploymentPostprocessing = 1;
		};
/* End PBXCopyFilesBuildPhase section */

/* Begin PBXFileReference section */
		133D2B7424B6826000D62859 /* FetchedResultsTest */ = {isa = PBXFileReference; explicitFileType = "compiled.mach-o.executable"; includeInIndex = 0; path = FetchedResultsTest; sourceTree = BUILT_PRODUCTS_DIR; };
		133D2B7724B6826000D62859 /* main.swift */ = {isa = PBXFileReference; lastKnownFileType = sourcecode.swift; path = main.swift; sourceTree = "<group>"; };
		133D2B7F24B683B700D62859 /* Attribute+CoreDataProperties.swift */ = {isa = PBXFileReference; fileEncoding = 4; lastKnownFileType = sourcecode.swift; path = "Attribute+CoreDataProperties.swift"; sourceTree = "<group>"; };
		133D2B8024B683B700D62859 /* ManagedObjectContextDidSaveNotifications.swift */ = {isa = PBXFileReference; fileEncoding = 4; lastKnownFileType = sourcecode.swift; path = ManagedObjectContextDidSaveNotifications.swift; sourceTree = "<group>"; };
		133D2B8124B683B700D62859 /* Attribute+CoreDataClass.swift */ = {isa = PBXFileReference; fileEncoding = 4; lastKnownFileType = sourcecode.swift; path = "Attribute+CoreDataClass.swift"; sourceTree = "<group>"; };
		133D2B8224B683B700D62859 /* Item+CoreDataProperties.swift */ = {isa = PBXFileReference; fileEncoding = 4; lastKnownFileType = sourcecode.swift; path = "Item+CoreDataProperties.swift"; sourceTree = "<group>"; };
		133D2B8324B683B700D62859 /* CoreData.swift */ = {isa = PBXFileReference; fileEncoding = 4; lastKnownFileType = sourcecode.swift; path = CoreData.swift; sourceTree = "<group>"; };
		133D2B8424B683B700D62859 /* Item+CoreDataClass.swift */ = {isa = PBXFileReference; fileEncoding = 4; lastKnownFileType = sourcecode.swift; path = "Item+CoreDataClass.swift"; sourceTree = "<group>"; };
		133D2B8624B683B700D62859 /* SwiftUI_Core_Data_Test.xcdatamodel */ = {isa = PBXFileReference; lastKnownFileType = wrapper.xcdatamodel; path = SwiftUI_Core_Data_Test.xcdatamodel; sourceTree = "<group>"; };
		133D2B8724B683B700D62859 /* CoreDataDataSource.swift */ = {isa = PBXFileReference; fileEncoding = 4; lastKnownFileType = sourcecode.swift; path = CoreDataDataSource.swift; sourceTree = "<group>"; };
		1367BE1D256869B200FBD864 /* README.md */ = {isa = PBXFileReference; lastKnownFileType = net.daringfireball.markdown; path = README.md; sourceTree = "<group>"; };
		13967C31256858E200098B25 /* Feedback FB7960282.rtf */ = {isa = PBXFileReference; fileEncoding = 4; lastKnownFileType = text.rtf; path = "Feedback FB7960282.rtf"; sourceTree = "<group>"; };
/* End PBXFileReference section */

/* Begin PBXFrameworksBuildPhase section */
		133D2B7124B6826000D62859 /* Frameworks */ = {
			isa = PBXFrameworksBuildPhase;
			buildActionMask = 2147483647;
			files = (
			);
			runOnlyForDeploymentPostprocessing = 0;
		};
/* End PBXFrameworksBuildPhase section */

/* Begin PBXGroup section */
		133D2B6B24B6826000D62859 = {
			isa = PBXGroup;
			children = (
				1367BE1D256869B200FBD864 /* README.md */,
				13967C31256858E200098B25 /* Feedback FB7960282.rtf */,
				133D2B7624B6826000D62859 /* FetchedResultsTest */,
				133D2B7524B6826000D62859 /* Products */,
			);
			sourceTree = "<group>";
		};
		133D2B7524B6826000D62859 /* Products */ = {
			isa = PBXGroup;
			children = (
				133D2B7424B6826000D62859 /* FetchedResultsTest */,
			);
			name = Products;
			sourceTree = "<group>";
		};
		133D2B7624B6826000D62859 /* FetchedResultsTest */ = {
			isa = PBXGroup;
			children = (
				133D2B7724B6826000D62859 /* main.swift */,
				133D2B7E24B683B700D62859 /* Core Data Model */,
			);
			path = FetchedResultsTest;
			sourceTree = "<group>";
		};
		133D2B7E24B683B700D62859 /* Core Data Model */ = {
			isa = PBXGroup;
			children = (
				133D2B8324B683B700D62859 /* CoreData.swift */,
				133D2B8724B683B700D62859 /* CoreDataDataSource.swift */,
				133D2B8024B683B700D62859 /* ManagedObjectContextDidSaveNotifications.swift */,
				133D2B8524B683B700D62859 /* SwiftUI_Core_Data_Test.xcdatamodeld */,
				133D2B8424B683B700D62859 /* Item+CoreDataClass.swift */,
				133D2B8224B683B700D62859 /* Item+CoreDataProperties.swift */,
				133D2B8124B683B700D62859 /* Attribute+CoreDataClass.swift */,
				133D2B7F24B683B700D62859 /* Attribute+CoreDataProperties.swift */,
			);
			path = "Core Data Model";
			sourceTree = "<group>";
		};
/* End PBXGroup section */

/* Begin PBXNativeTarget section */
		133D2B7324B6826000D62859 /* FetchedResultsTest */ = {
			isa = PBXNativeTarget;
			buildConfigurationList = 133D2B7B24B6826000D62859 /* Build configuration list for PBXNativeTarget "FetchedResultsTest" */;
			buildPhases = (
				133D2B7024B6826000D62859 /* Sources */,
				133D2B7124B6826000D62859 /* Frameworks */,
				133D2B7224B6826000D62859 /* CopyFiles */,
			);
			buildRules = (
			);
			dependencies = (
			);
			name = FetchedResultsTest;
			productName = FetchedResultsTest;
			productReference = 133D2B7424B6826000D62859 /* FetchedResultsTest */;
			productType = "com.apple.product-type.tool";
		};
/* End PBXNativeTarget section */

/* Begin PBXProject section */
		133D2B6C24B6826000D62859 /* Project object */ = {
			isa = PBXProject;
			attributes = {
				LastSwiftUpdateCheck = 1200;
				LastUpgradeCheck = 1220;
				TargetAttributes = {
					133D2B7324B6826000D62859 = {
						CreatedOnToolsVersion = 12.0;
					};
				};
			};
			buildConfigurationList = 133D2B6F24B6826000D62859 /* Build configuration list for PBXProject "FetchedResultsTest" */;
			compatibilityVersion = "Xcode 9.3";
			developmentRegion = en;
			hasScannedForEncodings = 0;
			knownRegions = (
				en,
				Base,
			);
			mainGroup = 133D2B6B24B6826000D62859;
			productRefGroup = 133D2B7524B6826000D62859 /* Products */;
			projectDirPath = "";
			projectRoot = "";
			targets = (
				133D2B7324B6826000D62859 /* FetchedResultsTest */,
			);
		};
/* End PBXProject section */

/* Begin PBXSourcesBuildPhase section */
		133D2B7024B6826000D62859 /* Sources */ = {
			isa = PBXSourcesBuildPhase;
			buildActionMask = 2147483647;
			files = (
				133D2B8A24B683B700D62859 /* Attribute+CoreDataClass.swift in Sources */,
				133D2B8824B683B700D62859 /* Attribute+CoreDataProperties.swift in Sources */,
				133D2B8924B683B700D62859 /* ManagedObjectContextDidSaveNotifications.swift in Sources */,
				133D2B8F24B683B700D62859 /* CoreDataDataSource.swift in Sources */,
				133D2B7824B6826000D62859 /* main.swift in Sources */,
				133D2B8C24B683B700D62859 /* CoreData.swift in Sources */,
				133D2B8B24B683B700D62859 /* Item+CoreDataProperties.swift in Sources */,
				133D2B8E24B683B700D62859 /* SwiftUI_Core_Data_Test.xcdatamodeld in Sources */,
				133D2B8D24B683B700D62859 /* Item+CoreDataClass.swift in Sources */,
			);
			runOnlyForDeploymentPostprocessing = 0;
		};
/* End PBXSourcesBuildPhase section */

/* Begin XCBuildConfiguration section */
		133D2B7924B6826000D62859 /* Debug */ = {
			isa = XCBuildConfiguration;
			buildSettings = {
				ALWAYS_SEARCH_USER_PATHS = NO;
				CLANG_ANALYZER_NONNULL = YES;
				CLANG_ANALYZER_NUMBER_OBJECT_CONVERSION = YES_AGGRESSIVE;
				CLANG_CXX_LANGUAGE_STANDARD = "gnu++14";
				CLANG_CXX_LIBRARY = "libc++";
				CLANG_ENABLE_MODULES = YES;
				CLANG_ENABLE_OBJC_ARC = YES;
				CLANG_ENABLE_OBJC_WEAK = YES;
				CLANG_WARN_BLOCK_CAPTURE_AUTORELEASING = YES;
				CLANG_WARN_BOOL_CONVERSION = YES;
				CLANG_WARN_COMMA = YES;
				CLANG_WARN_CONSTANT_CONVERSION = YES;
				CLANG_WARN_DEPRECATED_OBJC_IMPLEMENTATIONS = YES;
				CLANG_WARN_DIRECT_OBJC_ISA_USAGE = YES_ERROR;
				CLANG_WARN_DOCUMENTATION_COMMENTS = YES;
				CLANG_WARN_EMPTY_BODY = YES;
				CLANG_WARN_ENUM_CONVERSION = YES;
				CLANG_WARN_INFINITE_RECURSION = YES;
				CLANG_WARN_INT_CONVERSION = YES;
				CLANG_WARN_NON_LITERAL_NULL_CONVERSION = YES;
				CLANG_WARN_OBJC_IMPLICIT_RETAIN_SELF = YES;
				CLANG_WARN_OBJC_LITERAL_CONVERSION = YES;
				CLANG_WARN_OBJC_ROOT_CLASS = YES_ERROR;
				CLANG_WARN_QUOTED_INCLUDE_IN_FRAMEWORK_HEADER = YES;
				CLANG_WARN_RANGE_LOOP_ANALYSIS = YES;
				CLANG_WARN_STRICT_PROTOTYPES = YES;
				CLANG_WARN_SUSPICIOUS_MOVE = YES;
				CLANG_WARN_UNGUARDED_AVAILABILITY = YES_AGGRESSIVE;
				CLANG_WARN_UNREACHABLE_CODE = YES;
				CLANG_WARN__DUPLICATE_METHOD_MATCH = YES;
				COPY_PHASE_STRIP = NO;
				DEBUG_INFORMATION_FORMAT = dwarf;
				ENABLE_STRICT_OBJC_MSGSEND = YES;
				ENABLE_TESTABILITY = YES;
				GCC_C_LANGUAGE_STANDARD = gnu11;
				GCC_DYNAMIC_NO_PIC = NO;
				GCC_NO_COMMON_BLOCKS = YES;
				GCC_OPTIMIZATION_LEVEL = 0;
				GCC_PREPROCESSOR_DEFINITIONS = (
					"DEBUG=1",
					"$(inherited)",
				);
				GCC_WARN_64_TO_32_BIT_CONVERSION = YES;
				GCC_WARN_ABOUT_RETURN_TYPE = YES_ERROR;
				GCC_WARN_UNDECLARED_SELECTOR = YES;
				GCC_WARN_UNINITIALIZED_AUTOS = YES_AGGRESSIVE;
				GCC_WARN_UNUSED_FUNCTION = YES;
				GCC_WARN_UNUSED_VARIABLE = YES;
				MACOSX_DEPLOYMENT_TARGET = 10.15;
				MTL_ENABLE_DEBUG_INFO = INCLUDE_SOURCE;
				MTL_FAST_MATH = YES;
				ONLY_ACTIVE_ARCH = YES;
				SDKROOT = macosx;
				SWIFT_ACTIVE_COMPILATION_CONDITIONS = DEBUG;
				SWIFT_OPTIMIZATION_LEVEL = "-Onone";
			};
			name = Debug;
		};
		133D2B7A24B6826000D62859 /* Release */ = {
			isa = XCBuildConfiguration;
			buildSettings = {
				ALWAYS_SEARCH_USER_PATHS = NO;
				CLANG_ANALYZER_NONNULL = YES;
				CLANG_ANALYZER_NUMBER_OBJECT_CONVERSION = YES_AGGRESSIVE;
				CLANG_CXX_LANGUAGE_STANDARD = "gnu++14";
				CLANG_CXX_LIBRARY = "libc++";
				CLANG_ENABLE_MODULES = YES;
				CLANG_ENABLE_OBJC_ARC = YES;
				CLANG_ENABLE_OBJC_WEAK = YES;
				CLANG_WARN_BLOCK_CAPTURE_AUTORELEASING = YES;
				CLANG_WARN_BOOL_CONVERSION = YES;
				CLANG_WARN_COMMA = YES;
				CLANG_WARN_CONSTANT_CONVERSION = YES;
				CLANG_WARN_DEPRECATED_OBJC_IMPLEMENTATIONS = YES;
				CLANG_WARN_DIRECT_OBJC_ISA_USAGE = YES_ERROR;
				CLANG_WARN_DOCUMENTATION_COMMENTS = YES;
				CLANG_WARN_EMPTY_BODY = YES;
				CLANG_WARN_ENUM_CONVERSION = YES;
				CLANG_WARN_INFINITE_RECURSION = YES;
				CLANG_WARN_INT_CONVERSION = YES;
				CLANG_WARN_NON_LITERAL_NULL_CONVERSION = YES;
				CLANG_WARN_OBJC_IMPLICIT_RETAIN_SELF = YES;
				CLANG_WARN_OBJC_LITERAL_CONVERSION = YES;
				CLANG_WARN_OBJC_ROOT_CLASS = YES_ERROR;
				CLANG_WARN_QUOTED_INCLUDE_IN_FRAMEWORK_HEADER = YES;
				CLANG_WARN_RANGE_LOOP_ANALYSIS = YES;
				CLANG_WARN_STRICT_PROTOTYPES = YES;
				CLANG_WARN_SUSPICIOUS_MOVE = YES;
				CLANG_WARN_UNGUARDED_AVAILABILITY = YES_AGGRESSIVE;
				CLANG_WARN_UNREACHABLE_CODE = YES;
				CLANG_WARN__DUPLICATE_METHOD_MATCH = YES;
				COPY_PHASE_STRIP = NO;
				DEBUG_INFORMATION_FORMAT = "dwarf-with-dsym";
				ENABLE_NS_ASSERTIONS = NO;
				ENABLE_STRICT_OBJC_MSGSEND = YES;
				GCC_C_LANGUAGE_STANDARD = gnu11;
				GCC_NO_COMMON_BLOCKS = YES;
				GCC_WARN_64_TO_32_BIT_CONVERSION = YES;
				GCC_WARN_ABOUT_RETURN_TYPE = YES_ERROR;
				GCC_WARN_UNDECLARED_SELECTOR = YES;
				GCC_WARN_UNINITIALIZED_AUTOS = YES_AGGRESSIVE;
				GCC_WARN_UNUSED_FUNCTION = YES;
				GCC_WARN_UNUSED_VARIABLE = YES;
				MACOSX_DEPLOYMENT_TARGET = 10.15;
				MTL_ENABLE_DEBUG_INFO = NO;
				MTL_FAST_MATH = YES;
				SDKROOT = macosx;
				SWIFT_COMPILATION_MODE = wholemodule;
				SWIFT_OPTIMIZATION_LEVEL = "-O";
			};
			name = Release;
		};
		133D2B7C24B6826000D62859 /* Debug */ = {
			isa = XCBuildConfiguration;
			buildSettings = {
				CODE_SIGN_IDENTITY = "-";
				CODE_SIGN_STYLE = Automatic;
				DEVELOPMENT_TEAM = 64WN437W3Z;
				ENABLE_HARDENED_RUNTIME = YES;
				PRODUCT_NAME = "$(TARGET_NAME)";
				SWIFT_VERSION = 5.0;
			};
			name = Debug;
		};
		133D2B7D24B6826000D62859 /* Release */ = {
			isa = XCBuildConfiguration;
			buildSettings = {
				CODE_SIGN_IDENTITY = "-";
				CODE_SIGN_STYLE = Automatic;
				DEVELOPMENT_TEAM = 64WN437W3Z;
				ENABLE_HARDENED_RUNTIME = YES;
				PRODUCT_NAME = "$(TARGET_NAME)";
				SWIFT_VERSION = 5.0;
			};
			name = Release;
		};
/* End XCBuildConfiguration section */

/* Begin XCConfigurationList section */
		133D2B6F24B6826000D62859 /* Build configuration list for PBXProject "FetchedResultsTest" */ = {
			isa = XCConfigurationList;
			buildConfigurations = (
				133D2B7924B6826000D62859 /* Debug */,
				133D2B7A24B6826000D62859 /* Release */,
			);
			defaultConfigurationIsVisible = 0;
			defaultConfigurationName = Release;
		};
		133D2B7B24B6826000D62859 /* Build configuration list for PBXNativeTarget "FetchedResultsTest" */ = {
			isa = XCConfigurationList;
			buildConfigurations = (
				133D2B7C24B6826000D62859 /* Debug */,
				133D2B7D24B6826000D62859 /* Release */,
			);
			defaultConfigurationIsVisible = 0;
			defaultConfigurationName = Release;
		};
/* End XCConfigurationList section */

/* Begin XCVersionGroup section */
		133D2B8524B683B700D62859 /* SwiftUI_Core_Data_Test.xcdatamodeld */ = {
			isa = XCVersionGroup;
			children = (
				133D2B8624B683B700D62859 /* SwiftUI_Core_Data_Test.xcdatamodel */,
			);
			currentVersion = 133D2B8624B683B700D62859 /* SwiftUI_Core_Data_Test.xcdatamodel */;
			path = SwiftUI_Core_Data_Test.xcdatamodeld;
			sourceTree = "<group>";
			versionGroupType = wrapper.xcdatamodel;
		};
/* End XCVersionGroup section */
	};
	rootObject = 133D2B6C24B6826000D62859 /* Project object */;
}
